
Microsoft Visual Studio Solution File, Format Version 12.00
# Visual Studio Version 16
VisualStudioVersion = 16.0.29709.97
MinimumVisualStudioVersion = 10.0.40219.1
Project("{9A19103F-16F7-4668-BE54-9A1E7A4F7556}") = "LabFour", "LabFour\LabFour.csproj", "{FFB6179A-D531-43B0-B729-9D337317C44E}"
EndProject
Project("{9A19103F-16F7-4668-BE54-9A1E7A4F7556}") = "LabFive", "LabFive\LabFive.csproj", "{6E0A8212-A1CF-478F-B32B-0AC87C628ABB}"
EndProject
Project("{9A19103F-16F7-4668-BE54-9A1E7A4F7556}") = "LabSix", "LabSix\LabSix.csproj", "{0E5DEB76-60B7-40FA-ACB7-CBDA94671DD8}"
EndProject
Project("{9A19103F-16F7-4668-BE54-9A1E7A4F7556}") = "LabEight", "LabEight\LabEight.csproj", "{10E66ADE-7DFA-4EE0-ABCE-4BCC516085D2}"
EndProject
Project("{FAE04EC0-301F-11D3-BF4B-00C04F79EFBC}") = "LabSixCollections", "LabSixCollections\LabSixCollections.csproj", "{C0A43119-94E4-4CB8-9BEA-CD61595C7BC6}"
EndProject
Global
	GlobalSection(SolutionConfigurationPlatforms) = preSolution
		Debug|Any CPU = Debug|Any CPU
		Release|Any CPU = Release|Any CPU
	EndGlobalSection
	GlobalSection(ProjectConfigurationPlatforms) = postSolution
		{FFB6179A-D531-43B0-B729-9D337317C44E}.Debug|Any CPU.ActiveCfg = Debug|Any CPU
		{FFB6179A-D531-43B0-B729-9D337317C44E}.Debug|Any CPU.Build.0 = Debug|Any CPU
		{FFB6179A-D531-43B0-B729-9D337317C44E}.Release|Any CPU.ActiveCfg = Release|Any CPU
		{FFB6179A-D531-43B0-B729-9D337317C44E}.Release|Any CPU.Build.0 = Release|Any CPU
		{6E0A8212-A1CF-478F-B32B-0AC87C628ABB}.Debug|Any CPU.ActiveCfg = Debug|Any CPU
		{6E0A8212-A1CF-478F-B32B-0AC87C628ABB}.Debug|Any CPU.Build.0 = Debug|Any CPU
		{6E0A8212-A1CF-478F-B32B-0AC87C628ABB}.Release|Any CPU.ActiveCfg = Release|Any CPU
		{6E0A8212-A1CF-478F-B32B-0AC87C628ABB}.Release|Any CPU.Build.0 = Release|Any CPU
		{0E5DEB76-60B7-40FA-ACB7-CBDA94671DD8}.Debug|Any CPU.ActiveCfg = Debug|Any CPU
		{0E5DEB76-60B7-40FA-ACB7-CBDA94671DD8}.Debug|Any CPU.Build.0 = Debug|Any CPU
		{0E5DEB76-60B7-40FA-ACB7-CBDA94671DD8}.Release|Any CPU.ActiveCfg = Release|Any CPU
		{0E5DEB76-60B7-40FA-ACB7-CBDA94671DD8}.Release|Any CPU.Build.0 = Release|Any CPU
		{10E66ADE-7DFA-4EE0-ABCE-4BCC516085D2}.Debug|Any CPU.ActiveCfg = Debug|Any CPU
		{10E66ADE-7DFA-4EE0-ABCE-4BCC516085D2}.Debug|Any CPU.Build.0 = Debug|Any CPU
		{10E66ADE-7DFA-4EE0-ABCE-4BCC516085D2}.Release|Any CPU.ActiveCfg = Release|Any CPU
		{10E66ADE-7DFA-4EE0-ABCE-4BCC516085D2}.Release|Any CPU.Build.0 = Release|Any CPU
		{C0A43119-94E4-4CB8-9BEA-CD61595C7BC6}.Debug|Any CPU.ActiveCfg = Debug|Any CPU
		{C0A43119-94E4-4CB8-9BEA-CD61595C7BC6}.Debug|Any CPU.Build.0 = Debug|Any CPU
		{C0A43119-94E4-4CB8-9BEA-CD61595C7BC6}.Release|Any CPU.ActiveCfg = Release|Any CPU
		{C0A43119-94E4-4CB8-9BEA-CD61595C7BC6}.Release|Any CPU.Build.0 = Release|Any CPU
	EndGlobalSection
	GlobalSection(SolutionProperties) = preSolution
		HideSolutionNode = FALSE
	EndGlobalSection
	GlobalSection(ExtensibilityGlobals) = postSolution
		SolutionGuid = {6AF15904-877D-4D4F-92A6-3D5427DE4D03}
	EndGlobalSection
EndGlobal
